// !$*UTF8*$!
{
	archiveVersion = 1;
	classes = {
	};
	objectVersion = 50;
	objects = {

/* Begin PBXBuildFile section */
		EA0380DC223ACE27000BC271 /* AppDelegate.swift in Sources */ = {isa = PBXBuildFile; fileRef = EA0380DB223ACE27000BC271 /* AppDelegate.swift */; };
		EA0380DE223ACE27000BC271 /* ViewController.swift in Sources */ = {isa = PBXBuildFile; fileRef = EA0380DD223ACE27000BC271 /* ViewController.swift */; };
		EA0380E3223ACE28000BC271 /* Assets.xcassets in Resources */ = {isa = PBXBuildFile; fileRef = EA0380E2223ACE28000BC271 /* Assets.xcassets */; };
		EA0380E6223ACE28000BC271 /* LaunchScreen.storyboard in Resources */ = {isa = PBXBuildFile; fileRef = EA0380E4223ACE28000BC271 /* LaunchScreen.storyboard */; };
		EA0380F0223AF79C000BC271 /* RedSquareArenaViewController.swift in Sources */ = {isa = PBXBuildFile; fileRef = EA0380EF223AF79C000BC271 /* RedSquareArenaViewController.swift */; };
		EA0380F4223B0602000BC271 /* BlueCircleArenaViewController.swift in Sources */ = {isa = PBXBuildFile; fileRef = EA0380F3223B0602000BC271 /* BlueCircleArenaViewController.swift */; };
/* End PBXBuildFile section */

/* Begin PBXFileReference section */
		EA0380D8223ACE27000BC271 /* vmc49_p3.app */ = {isa = PBXFileReference; explicitFileType = wrapper.application; includeInIndex = 0; path = vmc49_p3.app; sourceTree = BUILT_PRODUCTS_DIR; };
		EA0380DB223ACE27000BC271 /* AppDelegate.swift */ = {isa = PBXFileReference; lastKnownFileType = sourcecode.swift; path = AppDelegate.swift; sourceTree = "<group>"; };
		EA0380DD223ACE27000BC271 /* ViewController.swift */ = {isa = PBXFileReference; lastKnownFileType = sourcecode.swift; path = ViewController.swift; sourceTree = "<group>"; };
		EA0380E2223ACE28000BC271 /* Assets.xcassets */ = {isa = PBXFileReference; lastKnownFileType = folder.assetcatalog; path = Assets.xcassets; sourceTree = "<group>"; };
		EA0380E5223ACE28000BC271 /* Base */ = {isa = PBXFileReference; lastKnownFileType = file.storyboard; name = Base; path = Base.lproj/LaunchScreen.storyboard; sourceTree = "<group>"; };
		EA0380E7223ACE28000BC271 /* Info.plist */ = {isa = PBXFileReference; lastKnownFileType = text.plist.xml; path = Info.plist; sourceTree = "<group>"; };
		EA0380EF223AF79C000BC271 /* RedSquareArenaViewController.swift */ = {isa = PBXFileReference; lastKnownFileType = sourcecode.swift; path = RedSquareArenaViewController.swift; sourceTree = "<group>"; };
		EA0380F3223B0602000BC271 /* BlueCircleArenaViewController.swift */ = {isa = PBXFileReference; lastKnownFileType = sourcecode.swift; path = BlueCircleArenaViewController.swift; sourceTree = "<group>"; };
/* End PBXFileReference section */

/* Begin PBXFrameworksBuildPhase section */
		EA0380D5223ACE27000BC271 /* Frameworks */ = {
			isa = PBXFrameworksBuildPhase;
			buildActionMask = 2147483647;
			files = (
			);
			runOnlyForDeploymentPostprocessing = 0;
		};
/* End PBXFrameworksBuildPhase section */

/* Begin PBXGroup section */
		EA0380CF223ACE27000BC271 = {
			isa = PBXGroup;
			children = (
				EA0380DA223ACE27000BC271 /* vmc49_p3 */,
				EA0380D9223ACE27000BC271 /* Products */,
			);
			sourceTree = "<group>";
		};
		EA0380D9223ACE27000BC271 /* Products */ = {
			isa = PBXGroup;
			children = (
				EA0380D8223ACE27000BC271 /* vmc49_p3.app */,
			);
			name = Products;
			sourceTree = "<group>";
		};
		EA0380DA223ACE27000BC271 /* vmc49_p3 */ = {
			isa = PBXGroup;
			children = (
				EA0380EF223AF79C000BC271 /* RedSquareArenaViewController.swift */,
				EA0380F3223B0602000BC271 /* BlueCircleArenaViewController.swift */,
				EA0380DB223ACE27000BC271 /* AppDelegate.swift */,
				EA0380DD223ACE27000BC271 /* ViewController.swift */,
				EA0380E2223ACE28000BC271 /* Assets.xcassets */,
				EA0380E4223ACE28000BC271 /* LaunchScreen.storyboard */,
				EA0380E7223ACE28000BC271 /* Info.plist */,
			);
			path = vmc49_p3;
			sourceTree = "<group>";
		};
/* End PBXGroup section */

/* Begin PBXNativeTarget section */
		EA0380D7223ACE27000BC271 /* vmc49_p3 */ = {
			isa = PBXNativeTarget;
			buildConfigurationList = EA0380EA223ACE28000BC271 /* Build configuration list for PBXNativeTarget "vmc49_p3" */;
			buildPhases = (
				EA0380D4223ACE27000BC271 /* Sources */,
				EA0380D5223ACE27000BC271 /* Frameworks */,
				EA0380D6223ACE27000BC271 /* Resources */,
			);
			buildRules = (
			);
			dependencies = (
			);
			name = vmc49_p3;
			productName = vmc49_p3;
			productReference = EA0380D8223ACE27000BC271 /* vmc49_p3.app */;
			productType = "com.apple.product-type.application";
		};
/* End PBXNativeTarget section */

/* Begin PBXProject section */
		EA0380D0223ACE27000BC271 /* Project object */ = {
			isa = PBXProject;
			attributes = {
				LastSwiftUpdateCheck = 1010;
				LastUpgradeCheck = 1010;
				ORGANIZATIONNAME = "Victor Chen";
				TargetAttributes = {
					EA0380D7223ACE27000BC271 = {
						CreatedOnToolsVersion = 10.1;
					};
				};
			};
			buildConfigurationList = EA0380D3223ACE27000BC271 /* Build configuration list for PBXProject "vmc49_p3" */;
			compatibilityVersion = "Xcode 9.3";
			developmentRegion = en;
			hasScannedForEncodings = 0;
			knownRegions = (
				en,
				Base,
			);
			mainGroup = EA0380CF223ACE27000BC271;
			productRefGroup = EA0380D9223ACE27000BC271 /* Products */;
			projectDirPath = "";
			projectRoot = "";
			targets = (
				EA0380D7223ACE27000BC271 /* vmc49_p3 */,
			);
		};
/* End PBXProject section */

/* Begin PBXResourcesBuildPhase section */
		EA0380D6223ACE27000BC271 /* Resources */ = {
			isa = PBXResourcesBuildPhase;
			buildActionMask = 2147483647;
			files = (
				EA0380E6223ACE28000BC271 /* LaunchScreen.storyboard in Resources */,
				EA0380E3223ACE28000BC271 /* Assets.xcassets in Resources */,
			);
			runOnlyForDeploymentPostprocessing = 0;
		};
/* End PBXResourcesBuildPhase section */

/* Begin PBXSourcesBuildPhase section */
		EA0380D4223ACE27000BC271 /* Sources */ = {
			isa = PBXSourcesBuildPhase;
			buildActionMask = 2147483647;
			files = (
				EA0380F0223AF79C000BC271 /* RedSquareArenaViewController.swift in Sources */,
				EA0380DE223ACE27000BC271 /* ViewController.swift in Sources */,
				EA0380F4223B0602000BC271 /* BlueCircleArenaViewController.swift in Sources */,
				EA0380DC223ACE27000BC271 /* AppDelegate.swift in Sources */,
			);
			runOnlyForDeploymentPostprocessing = 0;
		};
/* End PBXSourcesBuildPhase section */

/* Begin PBXVariantGroup section */
		EA0380E4223ACE28000BC271 /* LaunchScreen.storyboard */ = {
			isa = PBXVariantGroup;
			children = (
				EA0380E5223ACE28000BC271 /* Base */,
			);
			name = LaunchScreen.storyboard;
			sourceTree = "<group>";
		};
/* End PBXVariantGroup section */

/* Begin XCBuildConfiguration section */
		EA0380E8223ACE28000BC271 /* Debug */ = {
			isa = XCBuildConfiguration;
			buildSettings = {
				ALWAYS_SEARCH_USER_PATHS = NO;
				CLANG_ANALYZER_NONNULL = YES;
				CLANG_ANALYZER_NUMBER_OBJECT_CONVERSION = YES_AGGRESSIVE;
				CLANG_CXX_LANGUAGE_STANDARD = "gnu++14";
				CLANG_CXX_LIBRARY = "libc++";
				CLANG_ENABLE_MODULES = YES;
				CLANG_ENABLE_OBJC_ARC = YES;
				CLANG_ENABLE_OBJC_WEAK = YES;
				CLANG_WARN_BLOCK_CAPTURE_AUTORELEASING = YES;
				CLANG_WARN_BOOL_CONVERSION = YES;
				CLANG_WARN_COMMA = YES;
				CLANG_WARN_CONSTANT_CONVERSION = YES;
				CLANG_WARN_DEPRECATED_OBJC_IMPLEMENTATIONS = YES;
				CLANG_WARN_DIRECT_OBJC_ISA_USAGE = YES_ERROR;
				CLANG_WARN_DOCUMENTATION_COMMENTS = YES;
				CLANG_WARN_EMPTY_BODY = YES;
				CLANG_WARN_ENUM_CONVERSION = YES;
				CLANG_WARN_INFINITE_RECURSION = YES;
				CLANG_WARN_INT_CONVERSION = YES;
				CLANG_WARN_NON_LITERAL_NULL_CONVERSION = YES;
				CLANG_WARN_OBJC_IMPLICIT_RETAIN_SELF = YES;
				CLANG_WARN_OBJC_LITERAL_CONVERSION = YES;
				CLANG_WARN_OBJC_ROOT_CLASS = YES_ERROR;
				CLANG_WARN_RANGE_LOOP_ANALYSIS = YES;
				CLANG_WARN_STRICT_PROTOTYPES = YES;
				CLANG_WARN_SUSPICIOUS_MOVE = YES;
				CLANG_WARN_UNGUARDED_AVAILABILITY = YES_AGGRESSIVE;
				CLANG_WARN_UNREACHABLE_CODE = YES;
				CLANG_WARN__DUPLICATE_METHOD_MATCH = YES;
				CODE_SIGN_IDENTITY = "iPhone Developer";
				COPY_PHASE_STRIP = NO;
				DEBUG_INFORMATION_FORMAT = dwarf;
				ENABLE_STRICT_OBJC_MSGSEND = YES;
				ENABLE_TESTABILITY = YES;
				GCC_C_LANGUAGE_STANDARD = gnu11;
				GCC_DYNAMIC_NO_PIC = NO;
				GCC_NO_COMMON_BLOCKS = YES;
				GCC_OPTIMIZATION_LEVEL = 0;
				GCC_PREPROCESSOR_DEFINITIONS = (
					"DEBUG=1",
					"$(inherited)",
				);
				GCC_WARN_64_TO_32_BIT_CONVERSION = YES;
				GCC_WARN_ABOUT_RETURN_TYPE = YES_ERROR;
				GCC_WARN_UNDECLARED_SELECTOR = YES;
				GCC_WARN_UNINITIALIZED_AUTOS = YES_AGGRESSIVE;
				GCC_WARN_UNUSED_FUNCTION = YES;
				GCC_WARN_UNUSED_VARIABLE = YES;
				IPHONEOS_DEPLOYMENT_TARGET = 12.1;
				MTL_ENABLE_DEBUG_INFO = INCLUDE_SOURCE;
				MTL_FAST_MATH = YES;
				ONLY_ACTIVE_ARCH = YES;
				SDKROOT = iphoneos;
				SWIFT_ACTIVE_COMPILATION_CONDITIONS = DEBUG;
				SWIFT_OPTIMIZATION_LEVEL = "-Onone";
			};
			name = Debug;
		};
		EA0380E9223ACE28000BC271 /* Release */ = {
			isa = XCBuildConfiguration;
			buildSettings = {
				ALWAYS_SEARCH_USER_PATHS = NO;
				CLANG_ANALYZER_NONNULL = YES;
				CLANG_ANALYZER_NUMBER_OBJECT_CONVERSION = YES_AGGRESSIVE;
				CLANG_CXX_LANGUAGE_STANDARD = "gnu++14";
				CLANG_CXX_LIBRARY = "libc++";
				CLANG_ENABLE_MODULES = YES;
				CLANG_ENABLE_OBJC_ARC = YES;
				CLANG_ENABLE_OBJC_WEAK = YES;
				CLANG_WARN_BLOCK_CAPTURE_AUTORELEASING = YES;
				CLANG_WARN_BOOL_CONVERSION = YES;
				CLANG_WARN_COMMA = YES;
				CLANG_WARN_CONSTANT_CONVERSION = YES;
				CLANG_WARN_DEPRECATED_OBJC_IMPLEMENTATIONS = YES;
				CLANG_WARN_DIRECT_OBJC_ISA_USAGE = YES_ERROR;
				CLANG_WARN_DOCUMENTATION_COMMENTS = YES;
				CLANG_WARN_EMPTY_BODY = YES;
				CLANG_WARN_ENUM_CONVERSION = YES;
				CLANG_WARN_INFINITE_RECURSION = YES;
				CLANG_WARN_INT_CONVERSION = YES;
				CLANG_WARN_NON_LITERAL_NULL_CONVERSION = YES;
				CLANG_WARN_OBJC_IMPLICIT_RETAIN_SELF = YES;
				CLANG_WARN_OBJC_LITERAL_CONVERSION = YES;
				CLANG_WARN_OBJC_ROOT_CLASS = YES_ERROR;
				CLANG_WARN_RANGE_LOOP_ANALYSIS = YES;
				CLANG_WARN_STRICT_PROTOTYPES = YES;
				CLANG_WARN_SUSPICIOUS_MOVE = YES;
				CLANG_WARN_UNGUARDED_AVAILABILITY = YES_AGGRESSIVE;
				CLANG_WARN_UNREACHABLE_CODE = YES;
				CLANG_WARN__DUPLICATE_METHOD_MATCH = YES;
				CODE_SIGN_IDENTITY = "iPhone Developer";
				COPY_PHASE_STRIP = NO;
				DEBUG_INFORMATION_FORMAT = "dwarf-with-dsym";
				ENABLE_NS_ASSERTIONS = NO;
				ENABLE_STRICT_OBJC_MSGSEND = YES;
				GCC_C_LANGUAGE_STANDARD = gnu11;
				GCC_NO_COMMON_BLOCKS = YES;
				GCC_WARN_64_TO_32_BIT_CONVERSION = YES;
				GCC_WARN_ABOUT_RETURN_TYPE = YES_ERROR;
				GCC_WARN_UNDECLARED_SELECTOR = YES;
				GCC_WARN_UNINITIALIZED_AUTOS = YES_AGGRESSIVE;
				GCC_WARN_UNUSED_FUNCTION = YES;
				GCC_WARN_UNUSED_VARIABLE = YES;
				IPHONEOS_DEPLOYMENT_TARGET = 12.1;
				MTL_ENABLE_DEBUG_INFO = NO;
				MTL_FAST_MATH = YES;
				SDKROOT = iphoneos;
				SWIFT_COMPILATION_MODE = wholemodule;
				SWIFT_OPTIMIZATION_LEVEL = "-O";
				VALIDATE_PRODUCT = YES;
			};
			name = Release;
		};
		EA0380EB223ACE28000BC271 /* Debug */ = {
			isa = XCBuildConfiguration;
			buildSettings = {
				ASSETCATALOG_COMPILER_APPICON_NAME = AppIcon;
				CODE_SIGN_STYLE = Automatic;
				INFOPLIST_FILE = vmc49_p3/Info.plist;
				LD_RUNPATH_SEARCH_PATHS = (
					"$(inherited)",
					"@executable_path/Frameworks",
				);
				PRODUCT_BUNDLE_IDENTIFIER = "victorchen.vmc49-p3";
				PRODUCT_NAME = "$(TARGET_NAME)";
				SWIFT_VERSION = 4.2;
				TARGETED_DEVICE_FAMILY = "1,2";
			};
			name = Debug;
		};
		EA0380EC223ACE28000BC271 /* Release */ = {
			isa = XCBuildConfiguration;
			buildSettings = {
				ASSETCATALOG_COMPILER_APPICON_NAME = AppIcon;
				CODE_SIGN_STYLE = Automatic;
				INFOPLIST_FILE = vmc49_p3/Info.plist;
				LD_RUNPATH_SEARCH_PATHS = (
					"$(inherited)",
					"@executable_path/Frameworks",
				);
				PRODUCT_BUNDLE_IDENTIFIER = "victorchen.vmc49-p3";
				PRODUCT_NAME = "$(TARGET_NAME)";
				SWIFT_VERSION = 4.2;
				TARGETED_DEVICE_FAMILY = "1,2";
			};
			name = Release;
		};
/* End XCBuildConfiguration section */

/* Begin XCConfigurationList section */
		EA0380D3223ACE27000BC271 /* Build configuration list for PBXProject "vmc49_p3" */ = {
			isa = XCConfigurationList;
			buildConfigurations = (
				EA0380E8223ACE28000BC271 /* Debug */,
				EA0380E9223ACE28000BC271 /* Release */,
			);
			defaultConfigurationIsVisible = 0;
			defaultConfigurationName = Release;
		};
		EA0380EA223ACE28000BC271 /* Build configuration list for PBXNativeTarget "vmc49_p3" */ = {
			isa = XCConfigurationList;
			buildConfigurations = (
				EA0380EB223ACE28000BC271 /* Debug */,
				EA0380EC223ACE28000BC271 /* Release */,
			);
			defaultConfigurationIsVisible = 0;
			defaultConfigurationName = Release;
		};
/* End XCConfigurationList section */
	};
	rootObject = EA0380D0223ACE27000BC271 /* Project object */;
}
